
Microsoft Visual Studio Solution File, Format Version 12.00
# Visual Studio Version 16
VisualStudioVersion = 16.0.29806.167
MinimumVisualStudioVersion = 10.0.40219.1
Project("{2150E333-8FDC-42A3-9474-1A3956D46DE8}") = "Facade", "Facade", "{08BB58E6-11B7-4573-B729-DE4BF40BD5E6}"
EndProject
Project("{9A19103F-16F7-4668-BE54-9A1E7A4F7556}") = "facade-demo", "Facade\facade-demo\facade-demo.csproj", "{76C09037-F597-452A-A6A2-EAFBC962FCA8}"
EndProject
Project("{2150E333-8FDC-42A3-9474-1A3956D46DE8}") = "Strategy", "Strategy", "{917D4ACA-2B75-4B00-8758-FDF2680F7D96}"
EndProject
Project("{9A19103F-16F7-4668-BE54-9A1E7A4F7556}") = "strategy-demo", "Strategy\strategy-demo\strategy-demo.csproj", "{D4258C14-E3EC-4E3D-AAFE-DF838E95AC4A}"
EndProject
Project("{2150E333-8FDC-42A3-9474-1A3956D46DE8}") = "Visitor", "Visitor", "{168ED935-1019-4197-BCCA-0C5EEDB75640}"
EndProject
Project("{9A19103F-16F7-4668-BE54-9A1E7A4F7556}") = "visitor-demo", "Visitor\ConsoleApp1\visitor-demo.csproj", "{B707F39F-3247-4469-81FC-B8CF54106CC3}"
EndProject
Project("{2150E333-8FDC-42A3-9474-1A3956D46DE8}") = "Template", "Template", "{6602BE7D-8CC2-454B-B0EF-6B3601E06224}"
EndProject
Project("{9A19103F-16F7-4668-BE54-9A1E7A4F7556}") = "templatepattern", "Template\templatepattern\templatepattern.csproj", "{36A95AE3-4598-4DDE-B602-5FCABC3843FC}"
EndProject
Project("{2150E333-8FDC-42A3-9474-1A3956D46DE8}") = "Memento", "Memento", "{8EA7611D-A54B-4661-BCD2-500FA8FCFC1A}"
EndProject
Project("{9A19103F-16F7-4668-BE54-9A1E7A4F7556}") = "MementoProject", "Memento\MementoProject\MementoProject.csproj", "{EB469650-0A98-4A25-ABD8-34537B644A88}"
EndProject
Project("{2150E333-8FDC-42A3-9474-1A3956D46DE8}") = "State", "State", "{5E80F784-ADDF-4BAA-BBC9-C1D3DD27EBA9}"
EndProject
Project("{9A19103F-16F7-4668-BE54-9A1E7A4F7556}") = "StateProject", "State\StateProject\StateProject.csproj", "{62DD70E4-34BF-490E-B3AD-D1581269A858}"
EndProject
Project("{2150E333-8FDC-42A3-9474-1A3956D46DE8}") = "Observer", "Observer", "{420C1C5C-4C4E-49A2-B462-0382BE5F0B6B}"
EndProject
Project("{9A19103F-16F7-4668-BE54-9A1E7A4F7556}") = "ObserverDemo", "Observer\ObserverDemo\ObserverDemo.csproj", "{734CB3C9-2A96-445E-9316-154986257D1E}"
EndProject
Project("{2150E333-8FDC-42A3-9474-1A3956D46DE8}") = "Decorator", "Decorator", "{825BEE1C-32F9-4EFE-8D2D-2DECE1C236FA}"
EndProject
Project("{9A19103F-16F7-4668-BE54-9A1E7A4F7556}") = "DecoratorDemo", "Decorator\DecoratorDemo\DecoratorDemo.csproj", "{E288FCB8-6F12-4E5F-84AF-2214A9B39CEE}"
EndProject
Project("{2150E333-8FDC-42A3-9474-1A3956D46DE8}") = "Builder", "Builder", "{D32DB5C1-787A-4A09-A62E-B727E5BC8795}"
EndProject
Project("{FAE04EC0-301F-11D3-BF4B-00C04F79EFBC}") = "BuilderDemo", "Builder\BuilderDemo\BuilderDemo.csproj", "{D0462C41-1C2F-459B-98B8-9133355651AA}"
EndProject
Global
	GlobalSection(SolutionConfigurationPlatforms) = preSolution
		Debug|Any CPU = Debug|Any CPU
		Release|Any CPU = Release|Any CPU
	EndGlobalSection
	GlobalSection(ProjectConfigurationPlatforms) = postSolution
		{76C09037-F597-452A-A6A2-EAFBC962FCA8}.Debug|Any CPU.ActiveCfg = Debug|Any CPU
		{76C09037-F597-452A-A6A2-EAFBC962FCA8}.Debug|Any CPU.Build.0 = Debug|Any CPU
		{76C09037-F597-452A-A6A2-EAFBC962FCA8}.Release|Any CPU.ActiveCfg = Release|Any CPU
		{76C09037-F597-452A-A6A2-EAFBC962FCA8}.Release|Any CPU.Build.0 = Release|Any CPU
		{D4258C14-E3EC-4E3D-AAFE-DF838E95AC4A}.Debug|Any CPU.ActiveCfg = Debug|Any CPU
		{D4258C14-E3EC-4E3D-AAFE-DF838E95AC4A}.Debug|Any CPU.Build.0 = Debug|Any CPU
		{D4258C14-E3EC-4E3D-AAFE-DF838E95AC4A}.Release|Any CPU.ActiveCfg = Release|Any CPU
		{D4258C14-E3EC-4E3D-AAFE-DF838E95AC4A}.Release|Any CPU.Build.0 = Release|Any CPU
		{B707F39F-3247-4469-81FC-B8CF54106CC3}.Debug|Any CPU.ActiveCfg = Debug|Any CPU
		{B707F39F-3247-4469-81FC-B8CF54106CC3}.Debug|Any CPU.Build.0 = Debug|Any CPU
		{B707F39F-3247-4469-81FC-B8CF54106CC3}.Release|Any CPU.ActiveCfg = Release|Any CPU
		{B707F39F-3247-4469-81FC-B8CF54106CC3}.Release|Any CPU.Build.0 = Release|Any CPU
		{36A95AE3-4598-4DDE-B602-5FCABC3843FC}.Debug|Any CPU.ActiveCfg = Debug|Any CPU
		{36A95AE3-4598-4DDE-B602-5FCABC3843FC}.Debug|Any CPU.Build.0 = Debug|Any CPU
		{36A95AE3-4598-4DDE-B602-5FCABC3843FC}.Release|Any CPU.ActiveCfg = Release|Any CPU
		{36A95AE3-4598-4DDE-B602-5FCABC3843FC}.Release|Any CPU.Build.0 = Release|Any CPU
		{EB469650-0A98-4A25-ABD8-34537B644A88}.Debug|Any CPU.ActiveCfg = Debug|Any CPU
		{EB469650-0A98-4A25-ABD8-34537B644A88}.Debug|Any CPU.Build.0 = Debug|Any CPU
		{EB469650-0A98-4A25-ABD8-34537B644A88}.Release|Any CPU.ActiveCfg = Release|Any CPU
		{EB469650-0A98-4A25-ABD8-34537B644A88}.Release|Any CPU.Build.0 = Release|Any CPU
		{62DD70E4-34BF-490E-B3AD-D1581269A858}.Debug|Any CPU.ActiveCfg = Debug|Any CPU
		{62DD70E4-34BF-490E-B3AD-D1581269A858}.Debug|Any CPU.Build.0 = Debug|Any CPU
		{62DD70E4-34BF-490E-B3AD-D1581269A858}.Release|Any CPU.ActiveCfg = Release|Any CPU
		{62DD70E4-34BF-490E-B3AD-D1581269A858}.Release|Any CPU.Build.0 = Release|Any CPU
		{734CB3C9-2A96-445E-9316-154986257D1E}.Debug|Any CPU.ActiveCfg = Debug|Any CPU
		{734CB3C9-2A96-445E-9316-154986257D1E}.Debug|Any CPU.Build.0 = Debug|Any CPU
		{734CB3C9-2A96-445E-9316-154986257D1E}.Release|Any CPU.ActiveCfg = Release|Any CPU
		{734CB3C9-2A96-445E-9316-154986257D1E}.Release|Any CPU.Build.0 = Release|Any CPU
		{E288FCB8-6F12-4E5F-84AF-2214A9B39CEE}.Debug|Any CPU.ActiveCfg = Debug|Any CPU
		{E288FCB8-6F12-4E5F-84AF-2214A9B39CEE}.Debug|Any CPU.Build.0 = Debug|Any CPU
		{E288FCB8-6F12-4E5F-84AF-2214A9B39CEE}.Release|Any CPU.ActiveCfg = Release|Any CPU
		{E288FCB8-6F12-4E5F-84AF-2214A9B39CEE}.Release|Any CPU.Build.0 = Release|Any CPU
		{D0462C41-1C2F-459B-98B8-9133355651AA}.Debug|Any CPU.ActiveCfg = Debug|Any CPU
		{D0462C41-1C2F-459B-98B8-9133355651AA}.Debug|Any CPU.Build.0 = Debug|Any CPU
		{D0462C41-1C2F-459B-98B8-9133355651AA}.Release|Any CPU.ActiveCfg = Release|Any CPU
		{D0462C41-1C2F-459B-98B8-9133355651AA}.Release|Any CPU.Build.0 = Release|Any CPU
	EndGlobalSection
	GlobalSection(SolutionProperties) = preSolution
		HideSolutionNode = FALSE
	EndGlobalSection
	GlobalSection(NestedProjects) = preSolution
		{76C09037-F597-452A-A6A2-EAFBC962FCA8} = {08BB58E6-11B7-4573-B729-DE4BF40BD5E6}
		{D4258C14-E3EC-4E3D-AAFE-DF838E95AC4A} = {917D4ACA-2B75-4B00-8758-FDF2680F7D96}
		{B707F39F-3247-4469-81FC-B8CF54106CC3} = {168ED935-1019-4197-BCCA-0C5EEDB75640}
		{36A95AE3-4598-4DDE-B602-5FCABC3843FC} = {6602BE7D-8CC2-454B-B0EF-6B3601E06224}
		{EB469650-0A98-4A25-ABD8-34537B644A88} = {8EA7611D-A54B-4661-BCD2-500FA8FCFC1A}
		{62DD70E4-34BF-490E-B3AD-D1581269A858} = {5E80F784-ADDF-4BAA-BBC9-C1D3DD27EBA9}
		{734CB3C9-2A96-445E-9316-154986257D1E} = {420C1C5C-4C4E-49A2-B462-0382BE5F0B6B}
		{E288FCB8-6F12-4E5F-84AF-2214A9B39CEE} = {825BEE1C-32F9-4EFE-8D2D-2DECE1C236FA}
		{D0462C41-1C2F-459B-98B8-9133355651AA} = {D32DB5C1-787A-4A09-A62E-B727E5BC8795}
	EndGlobalSection
	GlobalSection(ExtensibilityGlobals) = postSolution
		SolutionGuid = {E9859864-E497-46D9-A6CE-97D57FB45F83}
	EndGlobalSection
EndGlobal
